// !$*UTF8*$!
{
	archiveVersion = 1;
	classes = {
	};
	objectVersion = 50;
	objects = {

/* Begin PBXBuildFile section */
		013499952904183F00CED6BE /* UIView+Jiggle.swift in Sources */ = {isa = PBXBuildFile; fileRef = 013499942904183F00CED6BE /* UIView+Jiggle.swift */; };
		01642A85251A882400039186 /* AppDelegate.swift in Sources */ = {isa = PBXBuildFile; fileRef = 01642A84251A882400039186 /* AppDelegate.swift */; };
		01642A87251A882400039186 /* SceneDelegate.swift in Sources */ = {isa = PBXBuildFile; fileRef = 01642A86251A882400039186 /* SceneDelegate.swift */; };
		01642A89251A882400039186 /* ViewController.swift in Sources */ = {isa = PBXBuildFile; fileRef = 01642A88251A882400039186 /* ViewController.swift */; };
		01642A8C251A882400039186 /* Main.storyboard in Resources */ = {isa = PBXBuildFile; fileRef = 01642A8A251A882400039186 /* Main.storyboard */; };
		01642A8E251A882800039186 /* Assets.xcassets in Resources */ = {isa = PBXBuildFile; fileRef = 01642A8D251A882800039186 /* Assets.xcassets */; };
		01642A91251A882800039186 /* LaunchScreen.storyboard in Resources */ = {isa = PBXBuildFile; fileRef = 01642A8F251A882800039186 /* LaunchScreen.storyboard */; };
		01642A99251A89B400039186 /* BoardView.swift in Sources */ = {isa = PBXBuildFile; fileRef = 01642A98251A89B400039186 /* BoardView.swift */; };
		01642A9B251A9CA600039186 /* Board.swift in Sources */ = {isa = PBXBuildFile; fileRef = 01642A9A251A9CA600039186 /* Board.swift */; };
		01C5BA58251CC44D00A53B56 /* Game.swift in Sources */ = {isa = PBXBuildFile; fileRef = 01C5BA57251CC44D00A53B56 /* Game.swift */; };
/* End PBXBuildFile section */

/* Begin PBXFileReference section */
		013499942904183F00CED6BE /* UIView+Jiggle.swift */ = {isa = PBXFileReference; lastKnownFileType = sourcecode.swift; path = "UIView+Jiggle.swift"; sourceTree = "<group>"; };
		01642A81251A882400039186 /* Chess.app */ = {isa = PBXFileReference; explicitFileType = wrapper.application; includeInIndex = 0; path = Chess.app; sourceTree = BUILT_PRODUCTS_DIR; };
		01642A84251A882400039186 /* AppDelegate.swift */ = {isa = PBXFileReference; lastKnownFileType = sourcecode.swift; path = AppDelegate.swift; sourceTree = "<group>"; };
		01642A86251A882400039186 /* SceneDelegate.swift */ = {isa = PBXFileReference; lastKnownFileType = sourcecode.swift; path = SceneDelegate.swift; sourceTree = "<group>"; };
		01642A88251A882400039186 /* ViewController.swift */ = {isa = PBXFileReference; lastKnownFileType = sourcecode.swift; path = ViewController.swift; sourceTree = "<group>"; };
		01642A8B251A882400039186 /* Base */ = {isa = PBXFileReference; lastKnownFileType = file.storyboard; name = Base; path = Base.lproj/Main.storyboard; sourceTree = "<group>"; };
		01642A8D251A882800039186 /* Assets.xcassets */ = {isa = PBXFileReference; lastKnownFileType = folder.assetcatalog; path = Assets.xcassets; sourceTree = "<group>"; };
		01642A90251A882800039186 /* Base */ = {isa = PBXFileReference; lastKnownFileType = file.storyboard; name = Base; path = Base.lproj/LaunchScreen.storyboard; sourceTree = "<group>"; };
		01642A92251A882800039186 /* Info.plist */ = {isa = PBXFileReference; lastKnownFileType = text.plist.xml; path = Info.plist; sourceTree = "<group>"; };
		01642A98251A89B400039186 /* BoardView.swift */ = {isa = PBXFileReference; lastKnownFileType = sourcecode.swift; path = BoardView.swift; sourceTree = "<group>"; };
		01642A9A251A9CA600039186 /* Board.swift */ = {isa = PBXFileReference; lastKnownFileType = sourcecode.swift; path = Board.swift; sourceTree = "<group>"; };
		01C5BA57251CC44D00A53B56 /* Game.swift */ = {isa = PBXFileReference; lastKnownFileType = sourcecode.swift; path = Game.swift; sourceTree = "<group>"; };
/* End PBXFileReference section */

/* Begin PBXFrameworksBuildPhase section */
		01642A7E251A882400039186 /* Frameworks */ = {
			isa = PBXFrameworksBuildPhase;
			buildActionMask = 2147483647;
			files = (
			);
			runOnlyForDeploymentPostprocessing = 0;
		};
/* End PBXFrameworksBuildPhase section */

/* Begin PBXGroup section */
		01642A78251A882400039186 = {
			isa = PBXGroup;
			children = (
				01642A83251A882400039186 /* Chess */,
				01642A82251A882400039186 /* Products */,
			);
			sourceTree = "<group>";
		};
		01642A82251A882400039186 /* Products */ = {
			isa = PBXGroup;
			children = (
				01642A81251A882400039186 /* Chess.app */,
			);
			name = Products;
			sourceTree = "<group>";
		};
		01642A83251A882400039186 /* Chess */ = {
			isa = PBXGroup;
			children = (
				01642A9A251A9CA600039186 /* Board.swift */,
				01C5BA57251CC44D00A53B56 /* Game.swift */,
				01642A84251A882400039186 /* AppDelegate.swift */,
				01642A86251A882400039186 /* SceneDelegate.swift */,
				01642A98251A89B400039186 /* BoardView.swift */,
				01642A88251A882400039186 /* ViewController.swift */,
				013499942904183F00CED6BE /* UIView+Jiggle.swift */,
				01642A8A251A882400039186 /* Main.storyboard */,
				01642A8D251A882800039186 /* Assets.xcassets */,
				01642A8F251A882800039186 /* LaunchScreen.storyboard */,
				01642A92251A882800039186 /* Info.plist */,
			);
			path = Chess;
			sourceTree = "<group>";
		};
/* End PBXGroup section */

/* Begin PBXNativeTarget section */
		01642A80251A882400039186 /* Chess */ = {
			isa = PBXNativeTarget;
			buildConfigurationList = 01642A95251A882800039186 /* Build configuration list for PBXNativeTarget "Chess" */;
			buildPhases = (
				01642A7D251A882400039186 /* Sources */,
				01642A7E251A882400039186 /* Frameworks */,
				01642A7F251A882400039186 /* Resources */,
			);
			buildRules = (
			);
			dependencies = (
			);
			name = Chess;
			productName = Chess;
			productReference = 01642A81251A882400039186 /* Chess.app */;
			productType = "com.apple.product-type.application";
		};
/* End PBXNativeTarget section */

/* Begin PBXProject section */
		01642A79251A882400039186 /* Project object */ = {
			isa = PBXProject;
			attributes = {
				LastSwiftUpdateCheck = 1150;
				LastUpgradeCheck = 1150;
				ORGANIZATIONNAME = "Nick Lockwood";
				TargetAttributes = {
					01642A80251A882400039186 = {
						CreatedOnToolsVersion = 11.5;
					};
				};
			};
			buildConfigurationList = 01642A7C251A882400039186 /* Build configuration list for PBXProject "Chess" */;
			compatibilityVersion = "Xcode 9.3";
			developmentRegion = en;
			hasScannedForEncodings = 0;
			knownRegions = (
				en,
				Base,
			);
			mainGroup = 01642A78251A882400039186;
			productRefGroup = 01642A82251A882400039186 /* Products */;
			projectDirPath = "";
			projectRoot = "";
			targets = (
				01642A80251A882400039186 /* Chess */,
			);
		};
/* End PBXProject section */

/* Begin PBXResourcesBuildPhase section */
		01642A7F251A882400039186 /* Resources */ = {
			isa = PBXResourcesBuildPhase;
			buildActionMask = 2147483647;
			files = (
				01642A91251A882800039186 /* LaunchScreen.storyboard in Resources */,
				01642A8E251A882800039186 /* Assets.xcassets in Resources */,
				01642A8C251A882400039186 /* Main.storyboard in Resources */,
			);
			runOnlyForDeploymentPostprocessing = 0;
		};
/* End PBXResourcesBuildPhase section */

/* Begin PBXSourcesBuildPhase section */
		01642A7D251A882400039186 /* Sources */ = {
			isa = PBXSourcesBuildPhase;
			buildActionMask = 2147483647;
			files = (
				01642A89251A882400039186 /* ViewController.swift in Sources */,
				013499952904183F00CED6BE /* UIView+Jiggle.swift in Sources */,
				01C5BA58251CC44D00A53B56 /* Game.swift in Sources */,
				01642A99251A89B400039186 /* BoardView.swift in Sources */,
				01642A9B251A9CA600039186 /* Board.swift in Sources */,
				01642A85251A882400039186 /* AppDelegate.swift in Sources */,
				01642A87251A882400039186 /* SceneDelegate.swift in Sources */,
			);
			runOnlyForDeploymentPostprocessing = 0;
		};
/* End PBXSourcesBuildPhase section */

/* Begin PBXVariantGroup section */
		01642A8A251A882400039186 /* Main.storyboard */ = {
			isa = PBXVariantGroup;
			children = (
				01642A8B251A882400039186 /* Base */,
			);
			name = Main.storyboard;
			sourceTree = "<group>";
		};
		01642A8F251A882800039186 /* LaunchScreen.storyboard */ = {
			isa = PBXVariantGroup;
			children = (
				01642A90251A882800039186 /* Base */,
			);
			name = LaunchScreen.storyboard;
			sourceTree = "<group>";
		};
/* End PBXVariantGroup section */

/* Begin XCBuildConfiguration section */
		01642A93251A882800039186 /* Debug */ = {
			isa = XCBuildConfiguration;
			buildSettings = {
				ALWAYS_SEARCH_USER_PATHS = NO;
				CLANG_ANALYZER_NONNULL = YES;
				CLANG_ANALYZER_NUMBER_OBJECT_CONVERSION = YES_AGGRESSIVE;
				CLANG_CXX_LANGUAGE_STANDARD = "gnu++14";
				CLANG_CXX_LIBRARY = "libc++";
				CLANG_ENABLE_MODULES = YES;
				CLANG_ENABLE_OBJC_ARC = YES;
				CLANG_ENABLE_OBJC_WEAK = YES;
				CLANG_WARN_BLOCK_CAPTURE_AUTORELEASING = YES;
				CLANG_WARN_BOOL_CONVERSION = YES;
				CLANG_WARN_COMMA = YES;
				CLANG_WARN_CONSTANT_CONVERSION = YES;
				CLANG_WARN_DEPRECATED_OBJC_IMPLEMENTATIONS = YES;
				CLANG_WARN_DIRECT_OBJC_ISA_USAGE = YES_ERROR;
				CLANG_WARN_DOCUMENTATION_COMMENTS = YES;
				CLANG_WARN_EMPTY_BODY = YES;
				CLANG_WARN_ENUM_CONVERSION = YES;
				CLANG_WARN_INFINITE_RECURSION = YES;
				CLANG_WARN_INT_CONVERSION = YES;
				CLANG_WARN_NON_LITERAL_NULL_CONVERSION = YES;
				CLANG_WARN_OBJC_IMPLICIT_RETAIN_SELF = YES;
				CLANG_WARN_OBJC_LITERAL_CONVERSION = YES;
				CLANG_WARN_OBJC_ROOT_CLASS = YES_ERROR;
				CLANG_WARN_RANGE_LOOP_ANALYSIS = YES;
				CLANG_WARN_STRICT_PROTOTYPES = YES;
				CLANG_WARN_SUSPICIOUS_MOVE = YES;
				CLANG_WARN_UNGUARDED_AVAILABILITY = YES_AGGRESSIVE;
				CLANG_WARN_UNREACHABLE_CODE = YES;
				CLANG_WARN__DUPLICATE_METHOD_MATCH = YES;
				COPY_PHASE_STRIP = NO;
				DEBUG_INFORMATION_FORMAT = dwarf;
				ENABLE_STRICT_OBJC_MSGSEND = YES;
				ENABLE_TESTABILITY = YES;
				GCC_C_LANGUAGE_STANDARD = gnu11;
				GCC_DYNAMIC_NO_PIC = NO;
				GCC_NO_COMMON_BLOCKS = YES;
				GCC_OPTIMIZATION_LEVEL = 0;
				GCC_PREPROCESSOR_DEFINITIONS = (
					"DEBUG=1",
					"$(inherited)",
				);
				GCC_WARN_64_TO_32_BIT_CONVERSION = YES;
				GCC_WARN_ABOUT_RETURN_TYPE = YES_ERROR;
				GCC_WARN_UNDECLARED_SELECTOR = YES;
				GCC_WARN_UNINITIALIZED_AUTOS = YES_AGGRESSIVE;
				GCC_WARN_UNUSED_FUNCTION = YES;
				GCC_WARN_UNUSED_VARIABLE = YES;
				IPHONEOS_DEPLOYMENT_TARGET = 11.0;
				MTL_ENABLE_DEBUG_INFO = INCLUDE_SOURCE;
				MTL_FAST_MATH = YES;
				ONLY_ACTIVE_ARCH = YES;
				SDKROOT = iphoneos;
				SWIFT_ACTIVE_COMPILATION_CONDITIONS = DEBUG;
				SWIFT_OPTIMIZATION_LEVEL = "-Onone";
			};
			name = Debug;
		};
		01642A94251A882800039186 /* Release */ = {
			isa = XCBuildConfiguration;
			buildSettings = {
				ALWAYS_SEARCH_USER_PATHS = NO;
				CLANG_ANALYZER_NONNULL = YES;
				CLANG_ANALYZER_NUMBER_OBJECT_CONVERSION = YES_AGGRESSIVE;
				CLANG_CXX_LANGUAGE_STANDARD = "gnu++14";
				CLANG_CXX_LIBRARY = "libc++";
				CLANG_ENABLE_MODULES = YES;
				CLANG_ENABLE_OBJC_ARC = YES;
				CLANG_ENABLE_OBJC_WEAK = YES;
				CLANG_WARN_BLOCK_CAPTURE_AUTORELEASING = YES;
				CLANG_WARN_BOOL_CONVERSION = YES;
				CLANG_WARN_COMMA = YES;
				CLANG_WARN_CONSTANT_CONVERSION = YES;
				CLANG_WARN_DEPRECATED_OBJC_IMPLEMENTATIONS = YES;
				CLANG_WARN_DIRECT_OBJC_ISA_USAGE = YES_ERROR;
				CLANG_WARN_DOCUMENTATION_COMMENTS = YES;
				CLANG_WARN_EMPTY_BODY = YES;
				CLANG_WARN_ENUM_CONVERSION = YES;
				CLANG_WARN_INFINITE_RECURSION = YES;
				CLANG_WARN_INT_CONVERSION = YES;
				CLANG_WARN_NON_LITERAL_NULL_CONVERSION = YES;
				CLANG_WARN_OBJC_IMPLICIT_RETAIN_SELF = YES;
				CLANG_WARN_OBJC_LITERAL_CONVERSION = YES;
				CLANG_WARN_OBJC_ROOT_CLASS = YES_ERROR;
				CLANG_WARN_RANGE_LOOP_ANALYSIS = YES;
				CLANG_WARN_STRICT_PROTOTYPES = YES;
				CLANG_WARN_SUSPICIOUS_MOVE = YES;
				CLANG_WARN_UNGUARDED_AVAILABILITY = YES_AGGRESSIVE;
				CLANG_WARN_UNREACHABLE_CODE = YES;
				CLANG_WARN__DUPLICATE_METHOD_MATCH = YES;
				COPY_PHASE_STRIP = NO;
				DEBUG_INFORMATION_FORMAT = "dwarf-with-dsym";
				ENABLE_NS_ASSERTIONS = NO;
				ENABLE_STRICT_OBJC_MSGSEND = YES;
				GCC_C_LANGUAGE_STANDARD = gnu11;
				GCC_NO_COMMON_BLOCKS = YES;
				GCC_WARN_64_TO_32_BIT_CONVERSION = YES;
				GCC_WARN_ABOUT_RETURN_TYPE = YES_ERROR;
				GCC_WARN_UNDECLARED_SELECTOR = YES;
				GCC_WARN_UNINITIALIZED_AUTOS = YES_AGGRESSIVE;
				GCC_WARN_UNUSED_FUNCTION = YES;
				GCC_WARN_UNUSED_VARIABLE = YES;
				IPHONEOS_DEPLOYMENT_TARGET = 11.0;
				MTL_ENABLE_DEBUG_INFO = NO;
				MTL_FAST_MATH = YES;
				SDKROOT = iphoneos;
				SWIFT_COMPILATION_MODE = wholemodule;
				SWIFT_OPTIMIZATION_LEVEL = "-O";
				VALIDATE_PRODUCT = YES;
			};
			name = Release;
		};
		01642A96251A882800039186 /* Debug */ = {
			isa = XCBuildConfiguration;
			buildSettings = {
				ASSETCATALOG_COMPILER_APPICON_NAME = AppIcon;
				CODE_SIGN_STYLE = Automatic;
				DEVELOPMENT_TEAM = 8VQKF583ED;
				INFOPLIST_FILE = Chess/Info.plist;
				LD_RUNPATH_SEARCH_PATHS = (
					"$(inherited)",
					"@executable_path/Frameworks",
				);
				PRODUCT_BUNDLE_IDENTIFIER = com.charcoaldesign.Chess;
				PRODUCT_NAME = "$(TARGET_NAME)";
				SWIFT_VERSION = 5.0;
				TARGETED_DEVICE_FAMILY = "1,2";
			};
			name = Debug;
		};
		01642A97251A882800039186 /* Release */ = {
			isa = XCBuildConfiguration;
			buildSettings = {
				ASSETCATALOG_COMPILER_APPICON_NAME = AppIcon;
				CODE_SIGN_STYLE = Automatic;
				DEVELOPMENT_TEAM = 8VQKF583ED;
				INFOPLIST_FILE = Chess/Info.plist;
				LD_RUNPATH_SEARCH_PATHS = (
					"$(inherited)",
					"@executable_path/Frameworks",
				);
				PRODUCT_BUNDLE_IDENTIFIER = com.charcoaldesign.Chess;
				PRODUCT_NAME = "$(TARGET_NAME)";
				SWIFT_VERSION = 5.0;
				TARGETED_DEVICE_FAMILY = "1,2";
			};
			name = Release;
		};
/* End XCBuildConfiguration section */

/* Begin XCConfigurationList section */
		01642A7C251A882400039186 /* Build configuration list for PBXProject "Chess" */ = {
			isa = XCConfigurationList;
			buildConfigurations = (
				01642A93251A882800039186 /* Debug */,
				01642A94251A882800039186 /* Release */,
			);
			defaultConfigurationIsVisible = 0;
			defaultConfigurationName = Release;
		};
		01642A95251A882800039186 /* Build configuration list for PBXNativeTarget "Chess" */ = {
			isa = XCConfigurationList;
			buildConfigurations = (
				01642A96251A882800039186 /* Debug */,
				01642A97251A882800039186 /* Release */,
			);
			defaultConfigurationIsVisible = 0;
			defaultConfigurationName = Release;
		};
/* End XCConfigurationList section */
	};
	rootObject = 01642A79251A882400039186 /* Project object */;
}
